
Microsoft Visual Studio Solution File, Format Version 12.00
# Visual Studio Version 17
VisualStudioVersion = 17.8.34511.84
MinimumVisualStudioVersion = 10.0.40219.1
Project("{FAE04EC0-301F-11D3-BF4B-00C04F79EFBC}") = "Recipes", "Recipes.csproj", "{26EE6B9E-C934-4A41-8ED2-C97E69A9CEF4}"
EndProject
Project("{FAE04EC0-301F-11D3-BF4B-00C04F79EFBC}") = "CalorieTotalCalculations", "..\CalorieTotalCalculations\CalorieTotalCalculations.csproj", "{4967A222-1E43-4319-B45F-E3D33A766B26}"
EndProject
Global
	GlobalSection(SolutionConfigurationPlatforms) = preSolution
		Debug|Any CPU = Debug|Any CPU
		Release|Any CPU = Release|Any CPU
	EndGlobalSection
	GlobalSection(ProjectConfigurationPlatforms) = postSolution
		{26EE6B9E-C934-4A41-8ED2-C97E69A9CEF4}.Debug|Any CPU.ActiveCfg = Debug|Any CPU
		{26EE6B9E-C934-4A41-8ED2-C97E69A9CEF4}.Debug|Any CPU.Build.0 = Debug|Any CPU
		{26EE6B9E-C934-4A41-8ED2-C97E69A9CEF4}.Release|Any CPU.ActiveCfg = Release|Any CPU
		{26EE6B9E-C934-4A41-8ED2-C97E69A9CEF4}.Release|Any CPU.Build.0 = Release|Any CPU
		{4967A222-1E43-4319-B45F-E3D33A766B26}.Debug|Any CPU.ActiveCfg = Debug|Any CPU
		{4967A222-1E43-4319-B45F-E3D33A766B26}.Debug|Any CPU.Build.0 = Debug|Any CPU
		{4967A222-1E43-4319-B45F-E3D33A766B26}.Release|Any CPU.ActiveCfg = Release|Any CPU
		{4967A222-1E43-4319-B45F-E3D33A766B26}.Release|Any CPU.Build.0 = Release|Any CPU
	EndGlobalSection
	GlobalSection(SolutionProperties) = preSolution
		HideSolutionNode = FALSE
	EndGlobalSection
	GlobalSection(ExtensibilityGlobals) = postSolution
		SolutionGuid = {E605CA56-C544-4D26-9483-7F2AEF35A488}
	EndGlobalSection
EndGlobal
